// !$*UTF8*$!
{
	archiveVersion = 1;
	classes = {
	};
	objectVersion = 46;
	objects = {

/* Begin PBXBuildFile section */
		C9A4E3E81C973AC6003BD44D /* main.m in Sources */ = {isa = PBXBuildFile; fileRef = C9A4E3E71C973AC6003BD44D /* main.m */; };
		C9A4E3EB1C973AC6003BD44D /* AppDelegate.m in Sources */ = {isa = PBXBuildFile; fileRef = C9A4E3EA1C973AC6003BD44D /* AppDelegate.m */; };
		C9A4E3EE1C973AC6003BD44D /* ViewController.m in Sources */ = {isa = PBXBuildFile; fileRef = C9A4E3ED1C973AC6003BD44D /* ViewController.m */; };
		C9A4E3F11C973AC6003BD44D /* Main.storyboard in Resources */ = {isa = PBXBuildFile; fileRef = C9A4E3EF1C973AC6003BD44D /* Main.storyboard */; };
		C9A4E3F31C973AC6003BD44D /* Assets.xcassets in Resources */ = {isa = PBXBuildFile; fileRef = C9A4E3F21C973AC6003BD44D /* Assets.xcassets */; };
		C9A4E3F61C973AC6003BD44D /* LaunchScreen.storyboard in Resources */ = {isa = PBXBuildFile; fileRef = C9A4E3F41C973AC6003BD44D /* LaunchScreen.storyboard */; };
		F439502F3F9AF95F332EFC1F /* Pods_SupportSDKDemo.framework in Frameworks */ = {isa = PBXBuildFile; fileRef = F9B1AA0D580E761E7C9E600B /* Pods_SupportSDKDemo.framework */; };
/* End PBXBuildFile section */

/* Begin PBXCopyFilesBuildPhase section */
		C922513A1C99B1EB0086621C /* Embed Frameworks */ = {
			isa = PBXCopyFilesBuildPhase;
			buildActionMask = 2147483647;
			dstPath = "";
			dstSubfolderSpec = 10;
			files = (
			);
			name = "Embed Frameworks";
			runOnlyForDeploymentPostprocessing = 0;
		};
/* End PBXCopyFilesBuildPhase section */

/* Begin PBXFileReference section */
		5617EA9DAFDCE7C4871BA058 /* Pods-SupportSDKDemo.release.xcconfig */ = {isa = PBXFileReference; includeInIndex = 1; lastKnownFileType = text.xcconfig; name = "Pods-SupportSDKDemo.release.xcconfig"; path = "Pods/Target Support Files/Pods-SupportSDKDemo/Pods-SupportSDKDemo.release.xcconfig"; sourceTree = "<group>"; };
		5F8B2573C81CF3D914EC7612 /* Pods-SupportSDKDemo.debug.xcconfig */ = {isa = PBXFileReference; includeInIndex = 1; lastKnownFileType = text.xcconfig; name = "Pods-SupportSDKDemo.debug.xcconfig"; path = "Pods/Target Support Files/Pods-SupportSDKDemo/Pods-SupportSDKDemo.debug.xcconfig"; sourceTree = "<group>"; };
		C9A4E3E31C973AC6003BD44D /* SupportSDKDemo.app */ = {isa = PBXFileReference; explicitFileType = wrapper.application; includeInIndex = 0; path = SupportSDKDemo.app; sourceTree = BUILT_PRODUCTS_DIR; };
		C9A4E3E71C973AC6003BD44D /* main.m */ = {isa = PBXFileReference; lastKnownFileType = sourcecode.c.objc; path = main.m; sourceTree = "<group>"; };
		C9A4E3E91C973AC6003BD44D /* AppDelegate.h */ = {isa = PBXFileReference; lastKnownFileType = sourcecode.c.h; path = AppDelegate.h; sourceTree = "<group>"; };
		C9A4E3EA1C973AC6003BD44D /* AppDelegate.m */ = {isa = PBXFileReference; lastKnownFileType = sourcecode.c.objc; path = AppDelegate.m; sourceTree = "<group>"; };
		C9A4E3EC1C973AC6003BD44D /* ViewController.h */ = {isa = PBXFileReference; lastKnownFileType = sourcecode.c.h; path = ViewController.h; sourceTree = "<group>"; };
		C9A4E3ED1C973AC6003BD44D /* ViewController.m */ = {isa = PBXFileReference; lastKnownFileType = sourcecode.c.objc; path = ViewController.m; sourceTree = "<group>"; };
		C9A4E3F01C973AC6003BD44D /* Base */ = {isa = PBXFileReference; lastKnownFileType = file.storyboard; name = Base; path = Base.lproj/Main.storyboard; sourceTree = "<group>"; };
		C9A4E3F21C973AC6003BD44D /* Assets.xcassets */ = {isa = PBXFileReference; lastKnownFileType = folder.assetcatalog; path = Assets.xcassets; sourceTree = "<group>"; };
		C9A4E3F51C973AC6003BD44D /* Base */ = {isa = PBXFileReference; lastKnownFileType = file.storyboard; name = Base; path = Base.lproj/LaunchScreen.storyboard; sourceTree = "<group>"; };
		C9A4E3F71C973AC6003BD44D /* Info.plist */ = {isa = PBXFileReference; lastKnownFileType = text.plist.xml; path = Info.plist; sourceTree = "<group>"; };
		F9B1AA0D580E761E7C9E600B /* Pods_SupportSDKDemo.framework */ = {isa = PBXFileReference; explicitFileType = wrapper.framework; includeInIndex = 0; path = Pods_SupportSDKDemo.framework; sourceTree = BUILT_PRODUCTS_DIR; };
/* End PBXFileReference section */

/* Begin PBXFrameworksBuildPhase section */
		C9A4E3E01C973AC6003BD44D /* Frameworks */ = {
			isa = PBXFrameworksBuildPhase;
			buildActionMask = 2147483647;
			files = (
				F439502F3F9AF95F332EFC1F /* Pods_SupportSDKDemo.framework in Frameworks */,
			);
			runOnlyForDeploymentPostprocessing = 0;
		};
/* End PBXFrameworksBuildPhase section */

/* Begin PBXGroup section */
		185416340EEA99B0B79B9159 /* Frameworks */ = {
			isa = PBXGroup;
			children = (
				F9B1AA0D580E761E7C9E600B /* Pods_SupportSDKDemo.framework */,
			);
			name = Frameworks;
			sourceTree = "<group>";
		};
		6252E717DBE6BB098423AA95 /* Pods */ = {
			isa = PBXGroup;
			children = (
				5F8B2573C81CF3D914EC7612 /* Pods-SupportSDKDemo.debug.xcconfig */,
				5617EA9DAFDCE7C4871BA058 /* Pods-SupportSDKDemo.release.xcconfig */,
			);
			name = Pods;
			sourceTree = "<group>";
		};
		C9A4E3DA1C973AC6003BD44D = {
			isa = PBXGroup;
			children = (
				185416340EEA99B0B79B9159 /* Frameworks */,
				C9A4E3E41C973AC6003BD44D /* Products */,
				C9A4E3E51C973AC6003BD44D /* SupportSDKDemo */,
				6252E717DBE6BB098423AA95 /* Pods */,
			);
			sourceTree = "<group>";
		};
		C9A4E3E41C973AC6003BD44D /* Products */ = {
			isa = PBXGroup;
			children = (
				C9A4E3E31C973AC6003BD44D /* SupportSDKDemo.app */,
			);
			name = Products;
			sourceTree = "<group>";
		};
		C9A4E3E51C973AC6003BD44D /* SupportSDKDemo */ = {
			isa = PBXGroup;
			children = (
				C9A4E3E91C973AC6003BD44D /* AppDelegate.h */,
				C9A4E3EA1C973AC6003BD44D /* AppDelegate.m */,
				C9A4E3EC1C973AC6003BD44D /* ViewController.h */,
				C9A4E3ED1C973AC6003BD44D /* ViewController.m */,
				C9A4E3EF1C973AC6003BD44D /* Main.storyboard */,
				C9A4E3F21C973AC6003BD44D /* Assets.xcassets */,
				C9A4E3F41C973AC6003BD44D /* LaunchScreen.storyboard */,
				C9A4E3F71C973AC6003BD44D /* Info.plist */,
				C9A4E3E61C973AC6003BD44D /* Supporting Files */,
			);
			path = SupportSDKDemo;
			sourceTree = "<group>";
		};
		C9A4E3E61C973AC6003BD44D /* Supporting Files */ = {
			isa = PBXGroup;
			children = (
				C9A4E3E71C973AC6003BD44D /* main.m */,
			);
			name = "Supporting Files";
			sourceTree = "<group>";
		};
/* End PBXGroup section */

/* Begin PBXNativeTarget section */
		C9A4E3E21C973AC6003BD44D /* SupportSDKDemo */ = {
			isa = PBXNativeTarget;
			buildConfigurationList = C9A4E3FA1C973AC6003BD44D /* Build configuration list for PBXNativeTarget "SupportSDKDemo" */;
			buildPhases = (
				EE32AE6105D19813E234FB1C /* [CP] Check Pods Manifest.lock */,
				C9A4E3DF1C973AC6003BD44D /* Sources */,
				C9A4E3E01C973AC6003BD44D /* Frameworks */,
				C9A4E3E11C973AC6003BD44D /* Resources */,
				C922513A1C99B1EB0086621C /* Embed Frameworks */,
				46A022AE2332CACC001C5970 /* Strip Unnecessary Architectures */,
				CD8E9EDF3E015AD833BA18B7 /* [CP] Embed Pods Frameworks */,
				464CF6142375E0480055AE9D /* Increment Build Number */,
			);
			buildRules = (
			);
			dependencies = (
			);
			name = SupportSDKDemo;
			productName = "ConnectHelp-ObjC";
			productReference = C9A4E3E31C973AC6003BD44D /* SupportSDKDemo.app */;
			productType = "com.apple.product-type.application";
		};
/* End PBXNativeTarget section */

/* Begin PBXProject section */
		C9A4E3DB1C973AC6003BD44D /* Project object */ = {
			isa = PBXProject;
			attributes = {
				LastUpgradeCheck = 1100;
				ORGANIZATIONNAME = Boomtown;
				TargetAttributes = {
					C9A4E3E21C973AC6003BD44D = {
						CreatedOnToolsVersion = 7.2.1;
						DevelopmentTeam = 2CSY99ZJ94;
					};
				};
			};
			buildConfigurationList = C9A4E3DE1C973AC6003BD44D /* Build configuration list for PBXProject "SupportSDKDemo" */;
			compatibilityVersion = "Xcode 3.2";
			developmentRegion = en;
			hasScannedForEncodings = 0;
			knownRegions = (
				en,
				Base,
			);
			mainGroup = C9A4E3DA1C973AC6003BD44D;
			productRefGroup = C9A4E3E41C973AC6003BD44D /* Products */;
			projectDirPath = "";
			projectRoot = "";
			targets = (
				C9A4E3E21C973AC6003BD44D /* SupportSDKDemo */,
			);
		};
/* End PBXProject section */

/* Begin PBXResourcesBuildPhase section */
		C9A4E3E11C973AC6003BD44D /* Resources */ = {
			isa = PBXResourcesBuildPhase;
			buildActionMask = 2147483647;
			files = (
				C9A4E3F61C973AC6003BD44D /* LaunchScreen.storyboard in Resources */,
				C9A4E3F31C973AC6003BD44D /* Assets.xcassets in Resources */,
				C9A4E3F11C973AC6003BD44D /* Main.storyboard in Resources */,
			);
			runOnlyForDeploymentPostprocessing = 0;
		};
/* End PBXResourcesBuildPhase section */

/* Begin PBXShellScriptBuildPhase section */
		464CF6142375E0480055AE9D /* Increment Build Number */ = {
			isa = PBXShellScriptBuildPhase;
			buildActionMask = 2147483647;
			files = (
			);
			inputFileListPaths = (
			);
			inputPaths = (
			);
			name = "Increment Build Number";
			outputFileListPaths = (
			);
			outputPaths = (
			);
			runOnlyForDeploymentPostprocessing = 0;
			shellPath = /bin/sh;
			shellScript = "buildNumber=$(/usr/libexec/PlistBuddy -c \"Print CFBundleVersion\" \"${INFOPLIST_FILE}\")\nbuildNumber=$(($buildNumber + 1))\n/usr/libexec/PlistBuddy -c \"Set :CFBundleVersion $buildNumber\" \"${INFOPLIST_FILE}\"\n";
		};
		46A022AE2332CACC001C5970 /* Strip Unnecessary Architectures */ = {
			isa = PBXShellScriptBuildPhase;
			buildActionMask = 2147483647;
			files = (
			);
			inputFileListPaths = (
			);
			inputPaths = (
			);
			name = "Strip Unnecessary Architectures";
			outputFileListPaths = (
			);
			outputPaths = (
			);
			runOnlyForDeploymentPostprocessing = 0;
			shellPath = /bin/sh;
			shellScript = "${PROJECT_DIR}/strip_unnecessary_architectures.sh\n";
		};
		CD8E9EDF3E015AD833BA18B7 /* [CP] Embed Pods Frameworks */ = {
			isa = PBXShellScriptBuildPhase;
			buildActionMask = 2147483647;
			files = (
			);
			inputFileListPaths = (
			);
			inputPaths = (
				"${SRCROOT}/Pods/Target Support Files/Pods-SupportSDKDemo/Pods-SupportSDKDemo-frameworks.sh",
				"${BUILT_PRODUCTS_DIR}/AFNetworking/AFNetworking.framework",
				"${BUILT_PRODUCTS_DIR}/CocoaAsyncSocket/CocoaAsyncSocket.framework",
				"${BUILT_PRODUCTS_DIR}/CocoaLumberjack/CocoaLumberjack.framework",
				"${BUILT_PRODUCTS_DIR}/KissXML/KissXML.framework",
				"${BUILT_PRODUCTS_DIR}/MTBBarcodeScanner/MTBBarcodeScanner.framework",
				"${BUILT_PRODUCTS_DIR}/SVProgressHUD/SVProgressHUD.framework",
				"${PODS_ROOT}/../SupportSDK/SupportSDK.framework",
				"${PODS_ROOT}/TwilioVideo/Build/iOS/TwilioVideo.framework",
				"${BUILT_PRODUCTS_DIR}/XMPPFramework/XMPPFramework.framework",
				"${BUILT_PRODUCTS_DIR}/iOS-Color-Picker/iOS_Color_Picker.framework",
				"${BUILT_PRODUCTS_DIR}/libidn/libidn.framework",
			);
			name = "[CP] Embed Pods Frameworks";
			outputFileListPaths = (
			);
			outputPaths = (
				"${TARGET_BUILD_DIR}/${FRAMEWORKS_FOLDER_PATH}/AFNetworking.framework",
				"${TARGET_BUILD_DIR}/${FRAMEWORKS_FOLDER_PATH}/CocoaAsyncSocket.framework",
				"${TARGET_BUILD_DIR}/${FRAMEWORKS_FOLDER_PATH}/CocoaLumberjack.framework",
				"${TARGET_BUILD_DIR}/${FRAMEWORKS_FOLDER_PATH}/KissXML.framework",
				"${TARGET_BUILD_DIR}/${FRAMEWORKS_FOLDER_PATH}/MTBBarcodeScanner.framework",
				"${TARGET_BUILD_DIR}/${FRAMEWORKS_FOLDER_PATH}/SVProgressHUD.framework",
				"${TARGET_BUILD_DIR}/${FRAMEWORKS_FOLDER_PATH}/SupportSDK.framework",
				"${TARGET_BUILD_DIR}/${FRAMEWORKS_FOLDER_PATH}/TwilioVideo.framework",
				"${TARGET_BUILD_DIR}/${FRAMEWORKS_FOLDER_PATH}/XMPPFramework.framework",
				"${TARGET_BUILD_DIR}/${FRAMEWORKS_FOLDER_PATH}/iOS_Color_Picker.framework",
				"${TARGET_BUILD_DIR}/${FRAMEWORKS_FOLDER_PATH}/libidn.framework",
			);
			runOnlyForDeploymentPostprocessing = 0;
			shellPath = /bin/sh;
			shellScript = "\"${SRCROOT}/Pods/Target Support Files/Pods-SupportSDKDemo/Pods-SupportSDKDemo-frameworks.sh\"\n";
			showEnvVarsInLog = 0;
		};
		EE32AE6105D19813E234FB1C /* [CP] Check Pods Manifest.lock */ = {
			isa = PBXShellScriptBuildPhase;
			buildActionMask = 2147483647;
			files = (
			);
			inputFileListPaths = (
			);
			inputPaths = (
				"${PODS_PODFILE_DIR_PATH}/Podfile.lock",
				"${PODS_ROOT}/Manifest.lock",
			);
			name = "[CP] Check Pods Manifest.lock";
			outputFileListPaths = (
			);
			outputPaths = (
				"$(DERIVED_FILE_DIR)/Pods-SupportSDKDemo-checkManifestLockResult.txt",
			);
			runOnlyForDeploymentPostprocessing = 0;
			shellPath = /bin/sh;
			shellScript = "diff \"${PODS_PODFILE_DIR_PATH}/Podfile.lock\" \"${PODS_ROOT}/Manifest.lock\" > /dev/null\nif [ $? != 0 ] ; then\n    # print error to STDERR\n    echo \"error: The sandbox is not in sync with the Podfile.lock. Run 'pod install' or update your CocoaPods installation.\" >&2\n    exit 1\nfi\n# This output is used by Xcode 'outputs' to avoid re-running this script phase.\necho \"SUCCESS\" > \"${SCRIPT_OUTPUT_FILE_0}\"\n";
			showEnvVarsInLog = 0;
		};
/* End PBXShellScriptBuildPhase section */

/* Begin PBXSourcesBuildPhase section */
		C9A4E3DF1C973AC6003BD44D /* Sources */ = {
			isa = PBXSourcesBuildPhase;
			buildActionMask = 2147483647;
			files = (
				C9A4E3EE1C973AC6003BD44D /* ViewController.m in Sources */,
				C9A4E3EB1C973AC6003BD44D /* AppDelegate.m in Sources */,
				C9A4E3E81C973AC6003BD44D /* main.m in Sources */,
			);
			runOnlyForDeploymentPostprocessing = 0;
		};
/* End PBXSourcesBuildPhase section */

/* Begin PBXVariantGroup section */
		C9A4E3EF1C973AC6003BD44D /* Main.storyboard */ = {
			isa = PBXVariantGroup;
			children = (
				C9A4E3F01C973AC6003BD44D /* Base */,
			);
			name = Main.storyboard;
			sourceTree = "<group>";
		};
		C9A4E3F41C973AC6003BD44D /* LaunchScreen.storyboard */ = {
			isa = PBXVariantGroup;
			children = (
				C9A4E3F51C973AC6003BD44D /* Base */,
			);
			name = LaunchScreen.storyboard;
			sourceTree = "<group>";
		};
/* End PBXVariantGroup section */

/* Begin XCBuildConfiguration section */
		C9A4E3F81C973AC6003BD44D /* Debug */ = {
			isa = XCBuildConfiguration;
			buildSettings = {
				ALWAYS_SEARCH_USER_PATHS = NO;
				CLANG_ANALYZER_LOCALIZABILITY_NONLOCALIZED = YES;
				CLANG_CXX_LANGUAGE_STANDARD = "gnu++0x";
				CLANG_CXX_LIBRARY = "libc++";
				CLANG_ENABLE_MODULES = YES;
				CLANG_ENABLE_OBJC_ARC = YES;
				CLANG_WARN_BLOCK_CAPTURE_AUTORELEASING = YES;
				CLANG_WARN_BOOL_CONVERSION = YES;
				CLANG_WARN_COMMA = YES;
				CLANG_WARN_CONSTANT_CONVERSION = YES;
				CLANG_WARN_DEPRECATED_OBJC_IMPLEMENTATIONS = YES;
				CLANG_WARN_DIRECT_OBJC_ISA_USAGE = YES_ERROR;
				CLANG_WARN_EMPTY_BODY = YES;
				CLANG_WARN_ENUM_CONVERSION = YES;
				CLANG_WARN_INFINITE_RECURSION = YES;
				CLANG_WARN_INT_CONVERSION = YES;
				CLANG_WARN_NON_LITERAL_NULL_CONVERSION = YES;
				CLANG_WARN_OBJC_IMPLICIT_RETAIN_SELF = YES;
				CLANG_WARN_OBJC_LITERAL_CONVERSION = YES;
				CLANG_WARN_OBJC_ROOT_CLASS = YES_ERROR;
				CLANG_WARN_RANGE_LOOP_ANALYSIS = YES;
				CLANG_WARN_STRICT_PROTOTYPES = YES;
				CLANG_WARN_SUSPICIOUS_MOVE = YES;
				CLANG_WARN_UNREACHABLE_CODE = YES;
				CLANG_WARN__DUPLICATE_METHOD_MATCH = YES;
				"CODE_SIGN_IDENTITY[sdk=iphoneos*]" = "iPhone Developer";
				COPY_PHASE_STRIP = NO;
				DEBUG_INFORMATION_FORMAT = dwarf;
				ENABLE_STRICT_OBJC_MSGSEND = YES;
				ENABLE_TESTABILITY = YES;
				GCC_C_LANGUAGE_STANDARD = gnu99;
				GCC_DYNAMIC_NO_PIC = NO;
				GCC_NO_COMMON_BLOCKS = YES;
				GCC_OPTIMIZATION_LEVEL = 0;
				GCC_PREPROCESSOR_DEFINITIONS = (
					"DEBUG=1",
					"$(inherited)",
				);
				GCC_WARN_64_TO_32_BIT_CONVERSION = YES;
				GCC_WARN_ABOUT_RETURN_TYPE = YES_ERROR;
				GCC_WARN_UNDECLARED_SELECTOR = YES;
				GCC_WARN_UNINITIALIZED_AUTOS = YES_AGGRESSIVE;
				GCC_WARN_UNUSED_FUNCTION = YES;
				GCC_WARN_UNUSED_VARIABLE = YES;
				IPHONEOS_DEPLOYMENT_TARGET = 8.0;
				MTL_ENABLE_DEBUG_INFO = YES;
				ONLY_ACTIVE_ARCH = YES;
				SDKROOT = iphoneos;
				TARGETED_DEVICE_FAMILY = "1,2";
			};
			name = Debug;
		};
		C9A4E3F91C973AC6003BD44D /* Release */ = {
			isa = XCBuildConfiguration;
			buildSettings = {
				ALWAYS_SEARCH_USER_PATHS = NO;
				CLANG_ANALYZER_LOCALIZABILITY_NONLOCALIZED = YES;
				CLANG_CXX_LANGUAGE_STANDARD = "gnu++0x";
				CLANG_CXX_LIBRARY = "libc++";
				CLANG_ENABLE_MODULES = YES;
				CLANG_ENABLE_OBJC_ARC = YES;
				CLANG_WARN_BLOCK_CAPTURE_AUTORELEASING = YES;
				CLANG_WARN_BOOL_CONVERSION = YES;
				CLANG_WARN_COMMA = YES;
				CLANG_WARN_CONSTANT_CONVERSION = YES;
				CLANG_WARN_DEPRECATED_OBJC_IMPLEMENTATIONS = YES;
				CLANG_WARN_DIRECT_OBJC_ISA_USAGE = YES_ERROR;
				CLANG_WARN_EMPTY_BODY = YES;
				CLANG_WARN_ENUM_CONVERSION = YES;
				CLANG_WARN_INFINITE_RECURSION = YES;
				CLANG_WARN_INT_CONVERSION = YES;
				CLANG_WARN_NON_LITERAL_NULL_CONVERSION = YES;
				CLANG_WARN_OBJC_IMPLICIT_RETAIN_SELF = YES;
				CLANG_WARN_OBJC_LITERAL_CONVERSION = YES;
				CLANG_WARN_OBJC_ROOT_CLASS = YES_ERROR;
				CLANG_WARN_RANGE_LOOP_ANALYSIS = YES;
				CLANG_WARN_STRICT_PROTOTYPES = YES;
				CLANG_WARN_SUSPICIOUS_MOVE = YES;
				CLANG_WARN_UNREACHABLE_CODE = YES;
				CLANG_WARN__DUPLICATE_METHOD_MATCH = YES;
				"CODE_SIGN_IDENTITY[sdk=iphoneos*]" = "iPhone Developer";
				COPY_PHASE_STRIP = NO;
				DEBUG_INFORMATION_FORMAT = "dwarf-with-dsym";
				ENABLE_NS_ASSERTIONS = NO;
				ENABLE_STRICT_OBJC_MSGSEND = YES;
				GCC_C_LANGUAGE_STANDARD = gnu99;
				GCC_NO_COMMON_BLOCKS = YES;
				GCC_WARN_64_TO_32_BIT_CONVERSION = YES;
				GCC_WARN_ABOUT_RETURN_TYPE = YES_ERROR;
				GCC_WARN_UNDECLARED_SELECTOR = YES;
				GCC_WARN_UNINITIALIZED_AUTOS = YES_AGGRESSIVE;
				GCC_WARN_UNUSED_FUNCTION = YES;
				GCC_WARN_UNUSED_VARIABLE = YES;
				IPHONEOS_DEPLOYMENT_TARGET = 8.0;
				MTL_ENABLE_DEBUG_INFO = NO;
				SDKROOT = iphoneos;
				TARGETED_DEVICE_FAMILY = "1,2";
				VALIDATE_PRODUCT = YES;
			};
			name = Release;
		};
		C9A4E3FB1C973AC6003BD44D /* Debug */ = {
			isa = XCBuildConfiguration;
			baseConfigurationReference = 5F8B2573C81CF3D914EC7612 /* Pods-SupportSDKDemo.debug.xcconfig */;
			buildSettings = {
				ASSETCATALOG_COMPILER_APPICON_NAME = AppIcon;
				CURRENT_PROJECT_VERSION = 16;
				DEVELOPMENT_TEAM = 2CSY99ZJ94;
				ENABLE_BITCODE = NO;
				FRAMEWORK_SEARCH_PATHS = (
					"$(inherited)",
					"$(PROJECT_DIR)",
				);
				GCC_PREPROCESSOR_DEFINITIONS = "$(inherited)";
				INFOPLIST_FILE = "$(SRCROOT)/SupportSDKDemo/Info.plist";
				IPHONEOS_DEPLOYMENT_TARGET = 9.0;
				LD_RUNPATH_SEARCH_PATHS = "$(inherited) @executable_path/Frameworks";
				OTHER_LDFLAGS = (
					"$(inherited)",
					"-ObjC",
				);
				PRODUCT_BUNDLE_IDENTIFIER = com.goboomtown.supportsdkdemo;
				PRODUCT_NAME = "$(TARGET_NAME)";
				TARGETED_DEVICE_FAMILY = "1,2";
			};
			name = Debug;
		};
		C9A4E3FC1C973AC6003BD44D /* Release */ = {
			isa = XCBuildConfiguration;
			baseConfigurationReference = 5617EA9DAFDCE7C4871BA058 /* Pods-SupportSDKDemo.release.xcconfig */;
			buildSettings = {
				ASSETCATALOG_COMPILER_APPICON_NAME = AppIcon;
				CURRENT_PROJECT_VERSION = 16;
				DEVELOPMENT_TEAM = 2CSY99ZJ94;
				ENABLE_BITCODE = NO;
				FRAMEWORK_SEARCH_PATHS = (
					"$(inherited)",
					"$(PROJECT_DIR)",
				);
				GCC_PREPROCESSOR_DEFINITIONS = "$(inherited)";
				INFOPLIST_FILE = "$(SRCROOT)/SupportSDKDemo/Info.plist";
				IPHONEOS_DEPLOYMENT_TARGET = 9.0;
				LD_RUNPATH_SEARCH_PATHS = "$(inherited) @executable_path/Frameworks";
				OTHER_LDFLAGS = (
					"$(inherited)",
					"-ObjC",
				);
				PRODUCT_BUNDLE_IDENTIFIER = com.goboomtown.supportsdkdemo;
				PRODUCT_NAME = "$(TARGET_NAME)";
				TARGETED_DEVICE_FAMILY = "1,2";
			};
			name = Release;
		};
/* End XCBuildConfiguration section */

/* Begin XCConfigurationList section */
		C9A4E3DE1C973AC6003BD44D /* Build configuration list for PBXProject "SupportSDKDemo" */ = {
			isa = XCConfigurationList;
			buildConfigurations = (
				C9A4E3F81C973AC6003BD44D /* Debug */,
				C9A4E3F91C973AC6003BD44D /* Release */,
			);
			defaultConfigurationIsVisible = 0;
			defaultConfigurationName = Release;
		};
		C9A4E3FA1C973AC6003BD44D /* Build configuration list for PBXNativeTarget "SupportSDKDemo" */ = {
			isa = XCConfigurationList;
			buildConfigurations = (
				C9A4E3FB1C973AC6003BD44D /* Debug */,
				C9A4E3FC1C973AC6003BD44D /* Release */,
			);
			defaultConfigurationIsVisible = 0;
			defaultConfigurationName = Release;
		};
/* End XCConfigurationList section */
	};
	rootObject = C9A4E3DB1C973AC6003BD44D /* Project object */;
}
